
Microsoft Visual Studio Solution File, Format Version 12.00
# Visual Studio Version 17
VisualStudioVersion = 17.5.33516.290
MinimumVisualStudioVersion = 10.0.40219.1
Project("{FAE04EC0-301F-11D3-BF4B-00C04F79EFBC}") = "LlamaScreens", "LlamaScreens\LlamaScreens.csproj", "{C9283218-BAF2-42F3-B7C7-58FFAE389196}"
EndProject
Global
	GlobalSection(SolutionConfigurationPlatforms) = preSolution
		Debug|Any CPU = Debug|Any CPU
		Release|Any CPU = Release|Any CPU
	EndGlobalSection
	GlobalSection(ProjectConfigurationPlatforms) = postSolution
		{C9283218-BAF2-42F3-B7C7-58FFAE389196}.Debug|Any CPU.ActiveCfg = Debug|Any CPU
		{C9283218-BAF2-42F3-B7C7-58FFAE389196}.Debug|Any CPU.Build.0 = Debug|Any CPU
		{C9283218-BAF2-42F3-B7C7-58FFAE389196}.Release|Any CPU.ActiveCfg = Release|Any CPU
		{C9283218-BAF2-42F3-B7C7-58FFAE389196}.Release|Any CPU.Build.0 = Release|Any CPU
	EndGlobalSection
	GlobalSection(SolutionProperties) = preSolution
		HideSolutionNode = FALSE
	EndGlobalSection
	GlobalSection(ExtensibilityGlobals) = postSolution
		SolutionGuid = {7FC37F9D-6415-4479-B1FB-1ECCFFD99F9C}
	EndGlobalSection
EndGlobal
